{
  "requires": true,
  "lockfileVersion": 1,
  "dependencies": {
    "uikit": {
      "version": "3.6.5",
      "resolved": "https://registry.npmjs.org/uikit/-/uikit-3.6.5.tgz",
      "integrity": "sha512-ChsoZBuCC4y0CXqJ51tiIPS4zcKgj8yvXDl8njRyMBLCjNRFlHgSjem2T6pQsEEItoN+Vh7NE3iueD70A4LW4A=="
    }
  }
}
